
Microsoft Visual Studio Solution File, Format Version 12.00
# Visual Studio 15
Project("{FAE04EC0-301F-11D3-BF4B-00C04F79EFBC}") = "UnityEngine.TestRunner", "UnityEngine.TestRunner.csproj", "{A54BF7C0-6CD4-D071-4A11-3C5481B24CF7}"
EndProject
Project("{FAE04EC0-301F-11D3-BF4B-00C04F79EFBC}") = "UnityEngine.UI", "UnityEngine.UI.csproj", "{CA208E63-38BC-39F9-A6C6-95A5C66BC16B}"
EndProject
Project("{FAE04EC0-301F-11D3-BF4B-00C04F79EFBC}") = "Unity.Mathematics", "Unity.Mathematics.csproj", "{926C73EA-938D-84DC-C0AB-39212ABF858F}"
EndProject
Project("{FAE04EC0-301F-11D3-BF4B-00C04F79EFBC}") = "Unity.VisualScripting.State", "Unity.VisualScripting.State.csproj", "{79B6FB21-6890-D685-F87D-4BCCB004B967}"
EndProject
Project("{FAE04EC0-301F-11D3-BF4B-00C04F79EFBC}") = "Unity.VisualScripting.Core", "Unity.VisualScripting.Core.csproj", "{77476B55-65C2-24AA-BEDA-F4491740A3EE}"
EndProject
Project("{FAE04EC0-301F-11D3-BF4B-00C04F79EFBC}") = "Unity.VisualScripting.Flow", "Unity.VisualScripting.Flow.csproj", "{4FB1258F-5D0C-C187-36F9-B646963F7A06}"
EndProject
Project("{FAE04EC0-301F-11D3-BF4B-00C04F79EFBC}") = "Unity.2D.Animation.Runtime", "Unity.2D.Animation.Runtime.csproj", "{A9267D99-DAB9-935B-6073-E11B52F894F9}"
EndProject
Project("{FAE04EC0-301F-11D3-BF4B-00C04F79EFBC}") = "Unity.TextMeshPro", "Unity.TextMeshPro.csproj", "{7191FC4F-A973-D51B-59EC-6B155546A246}"
EndProject
Project("{FAE04EC0-301F-11D3-BF4B-00C04F79EFBC}") = "Unity.Timeline", "Unity.Timeline.csproj", "{413BA612-618F-0D00-A140-7A80BA0C0D64}"
EndProject
Project("{FAE04EC0-301F-11D3-BF4B-00C04F79EFBC}") = "Unity.2D.SpriteShape.Runtime", "Unity.2D.SpriteShape.Runtime.csproj", "{92987C89-F978-3195-B8CC-218A91B76FCE}"
EndProject
Project("{FAE04EC0-301F-11D3-BF4B-00C04F79EFBC}") = "Unity.2D.Animation.Triangle.Runtime", "Unity.2D.Animation.Triangle.Runtime.csproj", "{C43EB1D1-AD0A-F2A8-C085-75EC775F0412}"
EndProject
Project("{FAE04EC0-301F-11D3-BF4B-00C04F79EFBC}") = "Unity.2D.PixelPerfect", "Unity.2D.PixelPerfect.csproj", "{66E94C00-013E-5207-456D-FEF563254F3C}"
EndProject
Project("{FAE04EC0-301F-11D3-BF4B-00C04F79EFBC}") = "Unity.2D.IK.Runtime", "Unity.2D.IK.Runtime.csproj", "{9FE4A9B3-B6D9-97B4-2E7D-E3A60715634E}"
EndProject
Project("{FAE04EC0-301F-11D3-BF4B-00C04F79EFBC}") = "Assembly-CSharp", "Assembly-CSharp.csproj", "{6D90469A-39D4-ED1A-AB1B-A87497E5D07C}"
EndProject
Project("{FAE04EC0-301F-11D3-BF4B-00C04F79EFBC}") = "Unity.2D.Tilemap.Extras", "Unity.2D.Tilemap.Extras.csproj", "{8663D38C-A7F2-F845-E8AC-54D05760E1EF}"
EndProject
Project("{FAE04EC0-301F-11D3-BF4B-00C04F79EFBC}") = "Unity.2D.Common.Runtime", "Unity.2D.Common.Runtime.csproj", "{376F81E7-7C25-0D4D-5F4A-6C3797A9711D}"
EndProject
Project("{FAE04EC0-301F-11D3-BF4B-00C04F79EFBC}") = "Unity.InternalAPIEngineBridge.001", "Unity.InternalAPIEngineBridge.001.csproj", "{FD3B7019-DE74-6425-F548-A370509782E2}"
EndProject
Project("{FAE04EC0-301F-11D3-BF4B-00C04F79EFBC}") = "Unity.PlasticSCM.Editor", "Unity.PlasticSCM.Editor.csproj", "{1E29013B-66D5-BC3C-C1E7-85375D2CAC85}"
EndProject
Project("{FAE04EC0-301F-11D3-BF4B-00C04F79EFBC}") = "Unity.VisualScripting.Core.Editor", "Unity.VisualScripting.Core.Editor.csproj", "{BEBA1D1F-FEC4-024E-BC16-BDECA6378A69}"
EndProject
Project("{FAE04EC0-301F-11D3-BF4B-00C04F79EFBC}") = "Unity.VisualStudio.Editor", "Unity.VisualStudio.Editor.csproj", "{AD742A95-E06B-92A4-88A1-BF50A0377D1A}"
EndProject
Project("{FAE04EC0-301F-11D3-BF4B-00C04F79EFBC}") = "Unity.Timeline.Editor", "Unity.Timeline.Editor.csproj", "{9F739E08-78B4-D449-95DA-5D834F2B0960}"
EndProject
Project("{FAE04EC0-301F-11D3-BF4B-00C04F79EFBC}") = "Unity.VisualScripting.State.Editor", "Unity.VisualScripting.State.Editor.csproj", "{79377612-6518-FDDA-85A6-660D1797EC20}"
EndProject
Project("{FAE04EC0-301F-11D3-BF4B-00C04F79EFBC}") = "Unity.TextMeshPro.Editor", "Unity.TextMeshPro.Editor.csproj", "{4A3E9511-A4FF-3D4B-04EA-70DE835A17CF}"
EndProject
Project("{FAE04EC0-301F-11D3-BF4B-00C04F79EFBC}") = "Unity.2D.Animation.Editor", "Unity.2D.Animation.Editor.csproj", "{FE3D19CE-B099-0DC0-6853-A869A717F9AA}"
EndProject
Project("{FAE04EC0-301F-11D3-BF4B-00C04F79EFBC}") = "VSSettingsProvider", "VSSettingsProvider.csproj", "{E99D9E04-9BD3-68FD-EEA1-97895AF2C9CC}"
EndProject
Project("{FAE04EC0-301F-11D3-BF4B-00C04F79EFBC}") = "Unity.CollabProxy.Editor", "Unity.CollabProxy.Editor.csproj", "{8800484B-09D2-9B8F-E973-886DA3D203D8}"
EndProject
Project("{FAE04EC0-301F-11D3-BF4B-00C04F79EFBC}") = "UnityEditor.TestRunner", "UnityEditor.TestRunner.csproj", "{556758A3-EA5C-1E7E-C49B-B05212127A40}"
EndProject
Project("{FAE04EC0-301F-11D3-BF4B-00C04F79EFBC}") = "Unity.VisualScripting.Flow.Editor", "Unity.VisualScripting.Flow.Editor.csproj", "{CDF8FB58-27EE-A657-A198-03B947E13F57}"
EndProject
Project("{FAE04EC0-301F-11D3-BF4B-00C04F79EFBC}") = "Unity.Rider.Editor", "Unity.Rider.Editor.csproj", "{CC368613-95D5-BBDD-505D-0ADE6E51938D}"
EndProject
Project("{FAE04EC0-301F-11D3-BF4B-00C04F79EFBC}") = "Unity.2D.Path.Editor", "Unity.2D.Path.Editor.csproj", "{CBDF1093-BB03-3F18-2543-7E2EDFDBC64E}"
EndProject
Project("{FAE04EC0-301F-11D3-BF4B-00C04F79EFBC}") = "PsdPlugin", "PsdPlugin.csproj", "{929DB410-2DAD-2ABE-CB13-49DB1224AADF}"
EndProject
Project("{FAE04EC0-301F-11D3-BF4B-00C04F79EFBC}") = "Unity.2D.IK.Editor", "Unity.2D.IK.Editor.csproj", "{38A0E7BC-EB04-9E4B-545A-3546335E5327}"
EndProject
Project("{FAE04EC0-301F-11D3-BF4B-00C04F79EFBC}") = "Unity.2D.Psdimporter.Editor", "Unity.2D.Psdimporter.Editor.csproj", "{39094F7C-E979-4FBA-7E8C-7C255A50DA37}"
EndProject
Project("{FAE04EC0-301F-11D3-BF4B-00C04F79EFBC}") = "Unity.2D.SpriteShape.Editor", "Unity.2D.SpriteShape.Editor.csproj", "{DAFDEC83-A735-B900-2C3D-BB92EA2EF249}"
EndProject
Project("{FAE04EC0-301F-11D3-BF4B-00C04F79EFBC}") = "Unity.2D.Tilemap.Editor", "Unity.2D.Tilemap.Editor.csproj", "{0AFABD23-1563-32DB-B70A-58C80B62F495}"
EndProject
Project("{FAE04EC0-301F-11D3-BF4B-00C04F79EFBC}") = "Unity.2D.PixelPerfect.Editor", "Unity.2D.PixelPerfect.Editor.csproj", "{DACB50A8-E26E-CC96-2FC3-D31DCF1A6423}"
EndProject
Project("{FAE04EC0-301F-11D3-BF4B-00C04F79EFBC}") = "Unity.VSCode.Editor", "Unity.VSCode.Editor.csproj", "{61B638A9-4E3A-94D0-852D-57A5A56DD693}"
EndProject
Project("{FAE04EC0-301F-11D3-BF4B-00C04F79EFBC}") = "Unity.2D.Sprite.Editor", "Unity.2D.Sprite.Editor.csproj", "{6127CFAE-77B7-375C-1DCA-AAC07FD1500D}"
EndProject
Project("{FAE04EC0-301F-11D3-BF4B-00C04F79EFBC}") = "UnityEditor.UI", "UnityEditor.UI.csproj", "{F154E1B5-1457-7188-3977-03C7A0370DE5}"
EndProject
Project("{FAE04EC0-301F-11D3-BF4B-00C04F79EFBC}") = "Unity.Mathematics.Editor", "Unity.Mathematics.Editor.csproj", "{5617767E-4BAC-EBE5-E3FB-BA669DB50A35}"
EndProject
Project("{FAE04EC0-301F-11D3-BF4B-00C04F79EFBC}") = "Unity.2D.Common.Editor", "Unity.2D.Common.Editor.csproj", "{48BEE02F-8BB4-05DF-B183-D6FC6421EC8F}"
EndProject
Project("{FAE04EC0-301F-11D3-BF4B-00C04F79EFBC}") = "Unity.2D.Tilemap.Extras.Editor", "Unity.2D.Tilemap.Extras.Editor.csproj", "{E6FA9D4E-FFC6-9ED3-B091-AAF2F35DD697}"
EndProject
Project("{FAE04EC0-301F-11D3-BF4B-00C04F79EFBC}") = "Unity.InternalAPIEditorBridge.001", "Unity.InternalAPIEditorBridge.001.csproj", "{F579587C-0DE8-5BAD-BD9D-B6838417FF6D}"
EndProject
Project("{FAE04EC0-301F-11D3-BF4B-00C04F79EFBC}") = "UnityEngine.TestRunner", "UnityEngine.TestRunner.Player.csproj", "{507B3A8C-AF28-0E84-F2DE-653BAF78976E}"
EndProject
Project("{FAE04EC0-301F-11D3-BF4B-00C04F79EFBC}") = "UnityEngine.UI", "UnityEngine.UI.Player.csproj", "{F2B5B049-08A4-5166-FD7A-1FEF7565E506}"
EndProject
Project("{FAE04EC0-301F-11D3-BF4B-00C04F79EFBC}") = "Unity.Mathematics", "Unity.Mathematics.Player.csproj", "{6C7CCFF5-C18E-D1A4-422A-2482D7EE1178}"
EndProject
Project("{FAE04EC0-301F-11D3-BF4B-00C04F79EFBC}") = "Unity.VisualScripting.State", "Unity.VisualScripting.State.Player.csproj", "{C619134A-2955-D0E1-FE5C-077CED65DA4A}"
EndProject
Project("{FAE04EC0-301F-11D3-BF4B-00C04F79EFBC}") = "Unity.VisualScripting.Core", "Unity.VisualScripting.Core.Player.csproj", "{F4C2E17E-1BD9-F3E4-11DE-ED42E53D6941}"
EndProject
Project("{FAE04EC0-301F-11D3-BF4B-00C04F79EFBC}") = "Unity.VisualScripting.Flow", "Unity.VisualScripting.Flow.Player.csproj", "{A067A386-FB91-1082-D728-BE173A8923E3}"
EndProject
Project("{FAE04EC0-301F-11D3-BF4B-00C04F79EFBC}") = "Unity.2D.Animation.Runtime", "Unity.2D.Animation.Runtime.Player.csproj", "{0DFD45AD-DEAF-D676-DE05-AC71BE118C91}"
EndProject
Project("{FAE04EC0-301F-11D3-BF4B-00C04F79EFBC}") = "Unity.TextMeshPro", "Unity.TextMeshPro.Player.csproj", "{8E1A36DA-D394-49E5-E1F4-54AAE86C2371}"
EndProject
Project("{FAE04EC0-301F-11D3-BF4B-00C04F79EFBC}") = "Unity.Timeline", "Unity.Timeline.Player.csproj", "{564FF4DB-02F7-9ADE-3EA1-769C02AB95A3}"
EndProject
Project("{FAE04EC0-301F-11D3-BF4B-00C04F79EFBC}") = "Unity.2D.SpriteShape.Runtime", "Unity.2D.SpriteShape.Runtime.Player.csproj", "{764F3A76-A398-F548-E9E4-5BD16E0A2550}"
EndProject
Project("{FAE04EC0-301F-11D3-BF4B-00C04F79EFBC}") = "Unity.2D.Animation.Triangle.Runtime", "Unity.2D.Animation.Triangle.Runtime.Player.csproj", "{61954348-D0F3-E330-5131-4AF1051757BB}"
EndProject
Project("{FAE04EC0-301F-11D3-BF4B-00C04F79EFBC}") = "Unity.2D.PixelPerfect", "Unity.2D.PixelPerfect.Player.csproj", "{E0B2113C-505D-73D4-697E-1CB595389DE3}"
EndProject
Project("{FAE04EC0-301F-11D3-BF4B-00C04F79EFBC}") = "Unity.2D.IK.Runtime", "Unity.2D.IK.Runtime.Player.csproj", "{CB58BDC5-B3A9-F9C7-AED2-BCA364509A83}"
EndProject
Project("{FAE04EC0-301F-11D3-BF4B-00C04F79EFBC}") = "Assembly-CSharp", "Assembly-CSharp.Player.csproj", "{6558D2C7-3F99-B312-C840-90FAA8284962}"
EndProject
Project("{FAE04EC0-301F-11D3-BF4B-00C04F79EFBC}") = "Unity.2D.Tilemap.Extras", "Unity.2D.Tilemap.Extras.Player.csproj", "{51509177-0DC8-2939-3102-D2D42E1F0726}"
EndProject
Project("{FAE04EC0-301F-11D3-BF4B-00C04F79EFBC}") = "Unity.2D.Common.Runtime", "Unity.2D.Common.Runtime.Player.csproj", "{46060323-310D-43CC-255F-B48CB8977973}"
EndProject
Project("{FAE04EC0-301F-11D3-BF4B-00C04F79EFBC}") = "Unity.InternalAPIEngineBridge.001", "Unity.InternalAPIEngineBridge.001.Player.csproj", "{1A6E0E5C-F36F-7F11-C447-384018C438B9}"
EndProject
Global
	GlobalSection(SolutionConfigurationPlatforms) = preSolution
		Debug|Any CPU = Debug|Any CPU
		Release|Any CPU = Release|Any CPU
	EndGlobalSection
	GlobalSection(ProjectConfigurationPlatforms) = postSolution
		{A54BF7C0-6CD4-D071-4A11-3C5481B24CF7}.Debug|Any CPU.ActiveCfg = Debug|Any CPU
		{A54BF7C0-6CD4-D071-4A11-3C5481B24CF7}.Debug|Any CPU.Build.0 = Debug|Any CPU
		{A54BF7C0-6CD4-D071-4A11-3C5481B24CF7}.Release|Any CPU.ActiveCfg = Release|Any CPU
		{A54BF7C0-6CD4-D071-4A11-3C5481B24CF7}.Release|Any CPU.Build.0 = Release|Any CPU
		{CA208E63-38BC-39F9-A6C6-95A5C66BC16B}.Debug|Any CPU.ActiveCfg = Debug|Any CPU
		{CA208E63-38BC-39F9-A6C6-95A5C66BC16B}.Debug|Any CPU.Build.0 = Debug|Any CPU
		{CA208E63-38BC-39F9-A6C6-95A5C66BC16B}.Release|Any CPU.ActiveCfg = Release|Any CPU
		{CA208E63-38BC-39F9-A6C6-95A5C66BC16B}.Release|Any CPU.Build.0 = Release|Any CPU
		{926C73EA-938D-84DC-C0AB-39212ABF858F}.Debug|Any CPU.ActiveCfg = Debug|Any CPU
		{926C73EA-938D-84DC-C0AB-39212ABF858F}.Debug|Any CPU.Build.0 = Debug|Any CPU
		{926C73EA-938D-84DC-C0AB-39212ABF858F}.Release|Any CPU.ActiveCfg = Release|Any CPU
		{926C73EA-938D-84DC-C0AB-39212ABF858F}.Release|Any CPU.Build.0 = Release|Any CPU
		{79B6FB21-6890-D685-F87D-4BCCB004B967}.Debug|Any CPU.ActiveCfg = Debug|Any CPU
		{79B6FB21-6890-D685-F87D-4BCCB004B967}.Debug|Any CPU.Build.0 = Debug|Any CPU
		{79B6FB21-6890-D685-F87D-4BCCB004B967}.Release|Any CPU.ActiveCfg = Release|Any CPU
		{79B6FB21-6890-D685-F87D-4BCCB004B967}.Release|Any CPU.Build.0 = Release|Any CPU
		{77476B55-65C2-24AA-BEDA-F4491740A3EE}.Debug|Any CPU.ActiveCfg = Debug|Any CPU
		{77476B55-65C2-24AA-BEDA-F4491740A3EE}.Debug|Any CPU.Build.0 = Debug|Any CPU
		{77476B55-65C2-24AA-BEDA-F4491740A3EE}.Release|Any CPU.ActiveCfg = Release|Any CPU
		{77476B55-65C2-24AA-BEDA-F4491740A3EE}.Release|Any CPU.Build.0 = Release|Any CPU
		{4FB1258F-5D0C-C187-36F9-B646963F7A06}.Debug|Any CPU.ActiveCfg = Debug|Any CPU
		{4FB1258F-5D0C-C187-36F9-B646963F7A06}.Debug|Any CPU.Build.0 = Debug|Any CPU
		{4FB1258F-5D0C-C187-36F9-B646963F7A06}.Release|Any CPU.ActiveCfg = Release|Any CPU
		{4FB1258F-5D0C-C187-36F9-B646963F7A06}.Release|Any CPU.Build.0 = Release|Any CPU
		{A9267D99-DAB9-935B-6073-E11B52F894F9}.Debug|Any CPU.ActiveCfg = Debug|Any CPU
		{A9267D99-DAB9-935B-6073-E11B52F894F9}.Debug|Any CPU.Build.0 = Debug|Any CPU
		{A9267D99-DAB9-935B-6073-E11B52F894F9}.Release|Any CPU.ActiveCfg = Release|Any CPU
		{A9267D99-DAB9-935B-6073-E11B52F894F9}.Release|Any CPU.Build.0 = Release|Any CPU
		{7191FC4F-A973-D51B-59EC-6B155546A246}.Debug|Any CPU.ActiveCfg = Debug|Any CPU
		{7191FC4F-A973-D51B-59EC-6B155546A246}.Debug|Any CPU.Build.0 = Debug|Any CPU
		{7191FC4F-A973-D51B-59EC-6B155546A246}.Release|Any CPU.ActiveCfg = Release|Any CPU
		{7191FC4F-A973-D51B-59EC-6B155546A246}.Release|Any CPU.Build.0 = Release|Any CPU
		{413BA612-618F-0D00-A140-7A80BA0C0D64}.Debug|Any CPU.ActiveCfg = Debug|Any CPU
		{413BA612-618F-0D00-A140-7A80BA0C0D64}.Debug|Any CPU.Build.0 = Debug|Any CPU
		{413BA612-618F-0D00-A140-7A80BA0C0D64}.Release|Any CPU.ActiveCfg = Release|Any CPU
		{413BA612-618F-0D00-A140-7A80BA0C0D64}.Release|Any CPU.Build.0 = Release|Any CPU
		{92987C89-F978-3195-B8CC-218A91B76FCE}.Debug|Any CPU.ActiveCfg = Debug|Any CPU
		{92987C89-F978-3195-B8CC-218A91B76FCE}.Debug|Any CPU.Build.0 = Debug|Any CPU
		{92987C89-F978-3195-B8CC-218A91B76FCE}.Release|Any CPU.ActiveCfg = Release|Any CPU
		{92987C89-F978-3195-B8CC-218A91B76FCE}.Release|Any CPU.Build.0 = Release|Any CPU
		{C43EB1D1-AD0A-F2A8-C085-75EC775F0412}.Debug|Any CPU.ActiveCfg = Debug|Any CPU
		{C43EB1D1-AD0A-F2A8-C085-75EC775F0412}.Debug|Any CPU.Build.0 = Debug|Any CPU
		{C43EB1D1-AD0A-F2A8-C085-75EC775F0412}.Release|Any CPU.ActiveCfg = Release|Any CPU
		{C43EB1D1-AD0A-F2A8-C085-75EC775F0412}.Release|Any CPU.Build.0 = Release|Any CPU
		{66E94C00-013E-5207-456D-FEF563254F3C}.Debug|Any CPU.ActiveCfg = Debug|Any CPU
		{66E94C00-013E-5207-456D-FEF563254F3C}.Debug|Any CPU.Build.0 = Debug|Any CPU
		{66E94C00-013E-5207-456D-FEF563254F3C}.Release|Any CPU.ActiveCfg = Release|Any CPU
		{66E94C00-013E-5207-456D-FEF563254F3C}.Release|Any CPU.Build.0 = Release|Any CPU
		{9FE4A9B3-B6D9-97B4-2E7D-E3A60715634E}.Debug|Any CPU.ActiveCfg = Debug|Any CPU
		{9FE4A9B3-B6D9-97B4-2E7D-E3A60715634E}.Debug|Any CPU.Build.0 = Debug|Any CPU
		{9FE4A9B3-B6D9-97B4-2E7D-E3A60715634E}.Release|Any CPU.ActiveCfg = Release|Any CPU
		{9FE4A9B3-B6D9-97B4-2E7D-E3A60715634E}.Release|Any CPU.Build.0 = Release|Any CPU
		{6D90469A-39D4-ED1A-AB1B-A87497E5D07C}.Debug|Any CPU.ActiveCfg = Debug|Any CPU
		{6D90469A-39D4-ED1A-AB1B-A87497E5D07C}.Debug|Any CPU.Build.0 = Debug|Any CPU
		{6D90469A-39D4-ED1A-AB1B-A87497E5D07C}.Release|Any CPU.ActiveCfg = Release|Any CPU
		{6D90469A-39D4-ED1A-AB1B-A87497E5D07C}.Release|Any CPU.Build.0 = Release|Any CPU
		{8663D38C-A7F2-F845-E8AC-54D05760E1EF}.Debug|Any CPU.ActiveCfg = Debug|Any CPU
		{8663D38C-A7F2-F845-E8AC-54D05760E1EF}.Debug|Any CPU.Build.0 = Debug|Any CPU
		{8663D38C-A7F2-F845-E8AC-54D05760E1EF}.Release|Any CPU.ActiveCfg = Release|Any CPU
		{8663D38C-A7F2-F845-E8AC-54D05760E1EF}.Release|Any CPU.Build.0 = Release|Any CPU
		{376F81E7-7C25-0D4D-5F4A-6C3797A9711D}.Debug|Any CPU.ActiveCfg = Debug|Any CPU
		{376F81E7-7C25-0D4D-5F4A-6C3797A9711D}.Debug|Any CPU.Build.0 = Debug|Any CPU
		{376F81E7-7C25-0D4D-5F4A-6C3797A9711D}.Release|Any CPU.ActiveCfg = Release|Any CPU
		{376F81E7-7C25-0D4D-5F4A-6C3797A9711D}.Release|Any CPU.Build.0 = Release|Any CPU
		{FD3B7019-DE74-6425-F548-A370509782E2}.Debug|Any CPU.ActiveCfg = Debug|Any CPU
		{FD3B7019-DE74-6425-F548-A370509782E2}.Debug|Any CPU.Build.0 = Debug|Any CPU
		{FD3B7019-DE74-6425-F548-A370509782E2}.Release|Any CPU.ActiveCfg = Release|Any CPU
		{FD3B7019-DE74-6425-F548-A370509782E2}.Release|Any CPU.Build.0 = Release|Any CPU
		{1E29013B-66D5-BC3C-C1E7-85375D2CAC85}.Debug|Any CPU.ActiveCfg = Debug|Any CPU
		{1E29013B-66D5-BC3C-C1E7-85375D2CAC85}.Debug|Any CPU.Build.0 = Debug|Any CPU
		{1E29013B-66D5-BC3C-C1E7-85375D2CAC85}.Release|Any CPU.ActiveCfg = Release|Any CPU
		{1E29013B-66D5-BC3C-C1E7-85375D2CAC85}.Release|Any CPU.Build.0 = Release|Any CPU
		{BEBA1D1F-FEC4-024E-BC16-BDECA6378A69}.Debug|Any CPU.ActiveCfg = Debug|Any CPU
		{BEBA1D1F-FEC4-024E-BC16-BDECA6378A69}.Debug|Any CPU.Build.0 = Debug|Any CPU
		{BEBA1D1F-FEC4-024E-BC16-BDECA6378A69}.Release|Any CPU.ActiveCfg = Release|Any CPU
		{BEBA1D1F-FEC4-024E-BC16-BDECA6378A69}.Release|Any CPU.Build.0 = Release|Any CPU
		{AD742A95-E06B-92A4-88A1-BF50A0377D1A}.Debug|Any CPU.ActiveCfg = Debug|Any CPU
		{AD742A95-E06B-92A4-88A1-BF50A0377D1A}.Debug|Any CPU.Build.0 = Debug|Any CPU
		{AD742A95-E06B-92A4-88A1-BF50A0377D1A}.Release|Any CPU.ActiveCfg = Release|Any CPU
		{AD742A95-E06B-92A4-88A1-BF50A0377D1A}.Release|Any CPU.Build.0 = Release|Any CPU
		{9F739E08-78B4-D449-95DA-5D834F2B0960}.Debug|Any CPU.ActiveCfg = Debug|Any CPU
		{9F739E08-78B4-D449-95DA-5D834F2B0960}.Debug|Any CPU.Build.0 = Debug|Any CPU
		{9F739E08-78B4-D449-95DA-5D834F2B0960}.Release|Any CPU.ActiveCfg = Release|Any CPU
		{9F739E08-78B4-D449-95DA-5D834F2B0960}.Release|Any CPU.Build.0 = Release|Any CPU
		{79377612-6518-FDDA-85A6-660D1797EC20}.Debug|Any CPU.ActiveCfg = Debug|Any CPU
		{79377612-6518-FDDA-85A6-660D1797EC20}.Debug|Any CPU.Build.0 = Debug|Any CPU
		{79377612-6518-FDDA-85A6-660D1797EC20}.Release|Any CPU.ActiveCfg = Release|Any CPU
		{79377612-6518-FDDA-85A6-660D1797EC20}.Release|Any CPU.Build.0 = Release|Any CPU
		{4A3E9511-A4FF-3D4B-04EA-70DE835A17CF}.Debug|Any CPU.ActiveCfg = Debug|Any CPU
		{4A3E9511-A4FF-3D4B-04EA-70DE835A17CF}.Debug|Any CPU.Build.0 = Debug|Any CPU
		{4A3E9511-A4FF-3D4B-04EA-70DE835A17CF}.Release|Any CPU.ActiveCfg = Release|Any CPU
		{4A3E9511-A4FF-3D4B-04EA-70DE835A17CF}.Release|Any CPU.Build.0 = Release|Any CPU
		{FE3D19CE-B099-0DC0-6853-A869A717F9AA}.Debug|Any CPU.ActiveCfg = Debug|Any CPU
		{FE3D19CE-B099-0DC0-6853-A869A717F9AA}.Debug|Any CPU.Build.0 = Debug|Any CPU
		{FE3D19CE-B099-0DC0-6853-A869A717F9AA}.Release|Any CPU.ActiveCfg = Release|Any CPU
		{FE3D19CE-B099-0DC0-6853-A869A717F9AA}.Release|Any CPU.Build.0 = Release|Any CPU
		{E99D9E04-9BD3-68FD-EEA1-97895AF2C9CC}.Debug|Any CPU.ActiveCfg = Debug|Any CPU
		{E99D9E04-9BD3-68FD-EEA1-97895AF2C9CC}.Debug|Any CPU.Build.0 = Debug|Any CPU
		{E99D9E04-9BD3-68FD-EEA1-97895AF2C9CC}.Release|Any CPU.ActiveCfg = Release|Any CPU
		{E99D9E04-9BD3-68FD-EEA1-97895AF2C9CC}.Release|Any CPU.Build.0 = Release|Any CPU
		{8800484B-09D2-9B8F-E973-886DA3D203D8}.Debug|Any CPU.ActiveCfg = Debug|Any CPU
		{8800484B-09D2-9B8F-E973-886DA3D203D8}.Debug|Any CPU.Build.0 = Debug|Any CPU
		{8800484B-09D2-9B8F-E973-886DA3D203D8}.Release|Any CPU.ActiveCfg = Release|Any CPU
		{8800484B-09D2-9B8F-E973-886DA3D203D8}.Release|Any CPU.Build.0 = Release|Any CPU
		{556758A3-EA5C-1E7E-C49B-B05212127A40}.Debug|Any CPU.ActiveCfg = Debug|Any CPU
		{556758A3-EA5C-1E7E-C49B-B05212127A40}.Debug|Any CPU.Build.0 = Debug|Any CPU
		{556758A3-EA5C-1E7E-C49B-B05212127A40}.Release|Any CPU.ActiveCfg = Release|Any CPU
		{556758A3-EA5C-1E7E-C49B-B05212127A40}.Release|Any CPU.Build.0 = Release|Any CPU
		{CDF8FB58-27EE-A657-A198-03B947E13F57}.Debug|Any CPU.ActiveCfg = Debug|Any CPU
		{CDF8FB58-27EE-A657-A198-03B947E13F57}.Debug|Any CPU.Build.0 = Debug|Any CPU
		{CDF8FB58-27EE-A657-A198-03B947E13F57}.Release|Any CPU.ActiveCfg = Release|Any CPU
		{CDF8FB58-27EE-A657-A198-03B947E13F57}.Release|Any CPU.Build.0 = Release|Any CPU
		{CC368613-95D5-BBDD-505D-0ADE6E51938D}.Debug|Any CPU.ActiveCfg = Debug|Any CPU
		{CC368613-95D5-BBDD-505D-0ADE6E51938D}.Debug|Any CPU.Build.0 = Debug|Any CPU
		{CC368613-95D5-BBDD-505D-0ADE6E51938D}.Release|Any CPU.ActiveCfg = Release|Any CPU
		{CC368613-95D5-BBDD-505D-0ADE6E51938D}.Release|Any CPU.Build.0 = Release|Any CPU
		{CBDF1093-BB03-3F18-2543-7E2EDFDBC64E}.Debug|Any CPU.ActiveCfg = Debug|Any CPU
		{CBDF1093-BB03-3F18-2543-7E2EDFDBC64E}.Debug|Any CPU.Build.0 = Debug|Any CPU
		{CBDF1093-BB03-3F18-2543-7E2EDFDBC64E}.Release|Any CPU.ActiveCfg = Release|Any CPU
		{CBDF1093-BB03-3F18-2543-7E2EDFDBC64E}.Release|Any CPU.Build.0 = Release|Any CPU
		{929DB410-2DAD-2ABE-CB13-49DB1224AADF}.Debug|Any CPU.ActiveCfg = Debug|Any CPU
		{929DB410-2DAD-2ABE-CB13-49DB1224AADF}.Debug|Any CPU.Build.0 = Debug|Any CPU
		{929DB410-2DAD-2ABE-CB13-49DB1224AADF}.Release|Any CPU.ActiveCfg = Release|Any CPU
		{929DB410-2DAD-2ABE-CB13-49DB1224AADF}.Release|Any CPU.Build.0 = Release|Any CPU
		{38A0E7BC-EB04-9E4B-545A-3546335E5327}.Debug|Any CPU.ActiveCfg = Debug|Any CPU
		{38A0E7BC-EB04-9E4B-545A-3546335E5327}.Debug|Any CPU.Build.0 = Debug|Any CPU
		{38A0E7BC-EB04-9E4B-545A-3546335E5327}.Release|Any CPU.ActiveCfg = Release|Any CPU
		{38A0E7BC-EB04-9E4B-545A-3546335E5327}.Release|Any CPU.Build.0 = Release|Any CPU
		{39094F7C-E979-4FBA-7E8C-7C255A50DA37}.Debug|Any CPU.ActiveCfg = Debug|Any CPU
		{39094F7C-E979-4FBA-7E8C-7C255A50DA37}.Debug|Any CPU.Build.0 = Debug|Any CPU
		{39094F7C-E979-4FBA-7E8C-7C255A50DA37}.Release|Any CPU.ActiveCfg = Release|Any CPU
		{39094F7C-E979-4FBA-7E8C-7C255A50DA37}.Release|Any CPU.Build.0 = Release|Any CPU
		{DAFDEC83-A735-B900-2C3D-BB92EA2EF249}.Debug|Any CPU.ActiveCfg = Debug|Any CPU
		{DAFDEC83-A735-B900-2C3D-BB92EA2EF249}.Debug|Any CPU.Build.0 = Debug|Any CPU
		{DAFDEC83-A735-B900-2C3D-BB92EA2EF249}.Release|Any CPU.ActiveCfg = Release|Any CPU
		{DAFDEC83-A735-B900-2C3D-BB92EA2EF249}.Release|Any CPU.Build.0 = Release|Any CPU
		{0AFABD23-1563-32DB-B70A-58C80B62F495}.Debug|Any CPU.ActiveCfg = Debug|Any CPU
		{0AFABD23-1563-32DB-B70A-58C80B62F495}.Debug|Any CPU.Build.0 = Debug|Any CPU
		{0AFABD23-1563-32DB-B70A-58C80B62F495}.Release|Any CPU.ActiveCfg = Release|Any CPU
		{0AFABD23-1563-32DB-B70A-58C80B62F495}.Release|Any CPU.Build.0 = Release|Any CPU
		{DACB50A8-E26E-CC96-2FC3-D31DCF1A6423}.Debug|Any CPU.ActiveCfg = Debug|Any CPU
		{DACB50A8-E26E-CC96-2FC3-D31DCF1A6423}.Debug|Any CPU.Build.0 = Debug|Any CPU
		{DACB50A8-E26E-CC96-2FC3-D31DCF1A6423}.Release|Any CPU.ActiveCfg = Release|Any CPU
		{DACB50A8-E26E-CC96-2FC3-D31DCF1A6423}.Release|Any CPU.Build.0 = Release|Any CPU
		{61B638A9-4E3A-94D0-852D-57A5A56DD693}.Debug|Any CPU.ActiveCfg = Debug|Any CPU
		{61B638A9-4E3A-94D0-852D-57A5A56DD693}.Debug|Any CPU.Build.0 = Debug|Any CPU
		{61B638A9-4E3A-94D0-852D-57A5A56DD693}.Release|Any CPU.ActiveCfg = Release|Any CPU
		{61B638A9-4E3A-94D0-852D-57A5A56DD693}.Release|Any CPU.Build.0 = Release|Any CPU
		{6127CFAE-77B7-375C-1DCA-AAC07FD1500D}.Debug|Any CPU.ActiveCfg = Debug|Any CPU
		{6127CFAE-77B7-375C-1DCA-AAC07FD1500D}.Debug|Any CPU.Build.0 = Debug|Any CPU
		{6127CFAE-77B7-375C-1DCA-AAC07FD1500D}.Release|Any CPU.ActiveCfg = Release|Any CPU
		{6127CFAE-77B7-375C-1DCA-AAC07FD1500D}.Release|Any CPU.Build.0 = Release|Any CPU
		{F154E1B5-1457-7188-3977-03C7A0370DE5}.Debug|Any CPU.ActiveCfg = Debug|Any CPU
		{F154E1B5-1457-7188-3977-03C7A0370DE5}.Debug|Any CPU.Build.0 = Debug|Any CPU
		{F154E1B5-1457-7188-3977-03C7A0370DE5}.Release|Any CPU.ActiveCfg = Release|Any CPU
		{F154E1B5-1457-7188-3977-03C7A0370DE5}.Release|Any CPU.Build.0 = Release|Any CPU
		{5617767E-4BAC-EBE5-E3FB-BA669DB50A35}.Debug|Any CPU.ActiveCfg = Debug|Any CPU
		{5617767E-4BAC-EBE5-E3FB-BA669DB50A35}.Debug|Any CPU.Build.0 = Debug|Any CPU
		{5617767E-4BAC-EBE5-E3FB-BA669DB50A35}.Release|Any CPU.ActiveCfg = Release|Any CPU
		{5617767E-4BAC-EBE5-E3FB-BA669DB50A35}.Release|Any CPU.Build.0 = Release|Any CPU
		{48BEE02F-8BB4-05DF-B183-D6FC6421EC8F}.Debug|Any CPU.ActiveCfg = Debug|Any CPU
		{48BEE02F-8BB4-05DF-B183-D6FC6421EC8F}.Debug|Any CPU.Build.0 = Debug|Any CPU
		{48BEE02F-8BB4-05DF-B183-D6FC6421EC8F}.Release|Any CPU.ActiveCfg = Release|Any CPU
		{48BEE02F-8BB4-05DF-B183-D6FC6421EC8F}.Release|Any CPU.Build.0 = Release|Any CPU
		{E6FA9D4E-FFC6-9ED3-B091-AAF2F35DD697}.Debug|Any CPU.ActiveCfg = Debug|Any CPU
		{E6FA9D4E-FFC6-9ED3-B091-AAF2F35DD697}.Debug|Any CPU.Build.0 = Debug|Any CPU
		{E6FA9D4E-FFC6-9ED3-B091-AAF2F35DD697}.Release|Any CPU.ActiveCfg = Release|Any CPU
		{E6FA9D4E-FFC6-9ED3-B091-AAF2F35DD697}.Release|Any CPU.Build.0 = Release|Any CPU
		{F579587C-0DE8-5BAD-BD9D-B6838417FF6D}.Debug|Any CPU.ActiveCfg = Debug|Any CPU
		{F579587C-0DE8-5BAD-BD9D-B6838417FF6D}.Debug|Any CPU.Build.0 = Debug|Any CPU
		{F579587C-0DE8-5BAD-BD9D-B6838417FF6D}.Release|Any CPU.ActiveCfg = Release|Any CPU
		{F579587C-0DE8-5BAD-BD9D-B6838417FF6D}.Release|Any CPU.Build.0 = Release|Any CPU
		{507B3A8C-AF28-0E84-F2DE-653BAF78976E}.Debug|Any CPU.ActiveCfg = Debug|Any CPU
		{507B3A8C-AF28-0E84-F2DE-653BAF78976E}.Debug|Any CPU.Build.0 = Debug|Any CPU
		{507B3A8C-AF28-0E84-F2DE-653BAF78976E}.Release|Any CPU.ActiveCfg = Release|Any CPU
		{507B3A8C-AF28-0E84-F2DE-653BAF78976E}.Release|Any CPU.Build.0 = Release|Any CPU
		{F2B5B049-08A4-5166-FD7A-1FEF7565E506}.Debug|Any CPU.ActiveCfg = Debug|Any CPU
		{F2B5B049-08A4-5166-FD7A-1FEF7565E506}.Debug|Any CPU.Build.0 = Debug|Any CPU
		{F2B5B049-08A4-5166-FD7A-1FEF7565E506}.Release|Any CPU.ActiveCfg = Release|Any CPU
		{F2B5B049-08A4-5166-FD7A-1FEF7565E506}.Release|Any CPU.Build.0 = Release|Any CPU
		{6C7CCFF5-C18E-D1A4-422A-2482D7EE1178}.Debug|Any CPU.ActiveCfg = Debug|Any CPU
		{6C7CCFF5-C18E-D1A4-422A-2482D7EE1178}.Debug|Any CPU.Build.0 = Debug|Any CPU
		{6C7CCFF5-C18E-D1A4-422A-2482D7EE1178}.Release|Any CPU.ActiveCfg = Release|Any CPU
		{6C7CCFF5-C18E-D1A4-422A-2482D7EE1178}.Release|Any CPU.Build.0 = Release|Any CPU
		{C619134A-2955-D0E1-FE5C-077CED65DA4A}.Debug|Any CPU.ActiveCfg = Debug|Any CPU
		{C619134A-2955-D0E1-FE5C-077CED65DA4A}.Debug|Any CPU.Build.0 = Debug|Any CPU
		{C619134A-2955-D0E1-FE5C-077CED65DA4A}.Release|Any CPU.ActiveCfg = Release|Any CPU
		{C619134A-2955-D0E1-FE5C-077CED65DA4A}.Release|Any CPU.Build.0 = Release|Any CPU
		{F4C2E17E-1BD9-F3E4-11DE-ED42E53D6941}.Debug|Any CPU.ActiveCfg = Debug|Any CPU
		{F4C2E17E-1BD9-F3E4-11DE-ED42E53D6941}.Debug|Any CPU.Build.0 = Debug|Any CPU
		{F4C2E17E-1BD9-F3E4-11DE-ED42E53D6941}.Release|Any CPU.ActiveCfg = Release|Any CPU
		{F4C2E17E-1BD9-F3E4-11DE-ED42E53D6941}.Release|Any CPU.Build.0 = Release|Any CPU
		{A067A386-FB91-1082-D728-BE173A8923E3}.Debug|Any CPU.ActiveCfg = Debug|Any CPU
		{A067A386-FB91-1082-D728-BE173A8923E3}.Debug|Any CPU.Build.0 = Debug|Any CPU
		{A067A386-FB91-1082-D728-BE173A8923E3}.Release|Any CPU.ActiveCfg = Release|Any CPU
		{A067A386-FB91-1082-D728-BE173A8923E3}.Release|Any CPU.Build.0 = Release|Any CPU
		{0DFD45AD-DEAF-D676-DE05-AC71BE118C91}.Debug|Any CPU.ActiveCfg = Debug|Any CPU
		{0DFD45AD-DEAF-D676-DE05-AC71BE118C91}.Debug|Any CPU.Build.0 = Debug|Any CPU
		{0DFD45AD-DEAF-D676-DE05-AC71BE118C91}.Release|Any CPU.ActiveCfg = Release|Any CPU
		{0DFD45AD-DEAF-D676-DE05-AC71BE118C91}.Release|Any CPU.Build.0 = Release|Any CPU
		{8E1A36DA-D394-49E5-E1F4-54AAE86C2371}.Debug|Any CPU.ActiveCfg = Debug|Any CPU
		{8E1A36DA-D394-49E5-E1F4-54AAE86C2371}.Debug|Any CPU.Build.0 = Debug|Any CPU
		{8E1A36DA-D394-49E5-E1F4-54AAE86C2371}.Release|Any CPU.ActiveCfg = Release|Any CPU
		{8E1A36DA-D394-49E5-E1F4-54AAE86C2371}.Release|Any CPU.Build.0 = Release|Any CPU
		{564FF4DB-02F7-9ADE-3EA1-769C02AB95A3}.Debug|Any CPU.ActiveCfg = Debug|Any CPU
		{564FF4DB-02F7-9ADE-3EA1-769C02AB95A3}.Debug|Any CPU.Build.0 = Debug|Any CPU
		{564FF4DB-02F7-9ADE-3EA1-769C02AB95A3}.Release|Any CPU.ActiveCfg = Release|Any CPU
		{564FF4DB-02F7-9ADE-3EA1-769C02AB95A3}.Release|Any CPU.Build.0 = Release|Any CPU
		{764F3A76-A398-F548-E9E4-5BD16E0A2550}.Debug|Any CPU.ActiveCfg = Debug|Any CPU
		{764F3A76-A398-F548-E9E4-5BD16E0A2550}.Debug|Any CPU.Build.0 = Debug|Any CPU
		{764F3A76-A398-F548-E9E4-5BD16E0A2550}.Release|Any CPU.ActiveCfg = Release|Any CPU
		{764F3A76-A398-F548-E9E4-5BD16E0A2550}.Release|Any CPU.Build.0 = Release|Any CPU
		{61954348-D0F3-E330-5131-4AF1051757BB}.Debug|Any CPU.ActiveCfg = Debug|Any CPU
		{61954348-D0F3-E330-5131-4AF1051757BB}.Debug|Any CPU.Build.0 = Debug|Any CPU
		{61954348-D0F3-E330-5131-4AF1051757BB}.Release|Any CPU.ActiveCfg = Release|Any CPU
		{61954348-D0F3-E330-5131-4AF1051757BB}.Release|Any CPU.Build.0 = Release|Any CPU
		{E0B2113C-505D-73D4-697E-1CB595389DE3}.Debug|Any CPU.ActiveCfg = Debug|Any CPU
		{E0B2113C-505D-73D4-697E-1CB595389DE3}.Debug|Any CPU.Build.0 = Debug|Any CPU
		{E0B2113C-505D-73D4-697E-1CB595389DE3}.Release|Any CPU.ActiveCfg = Release|Any CPU
		{E0B2113C-505D-73D4-697E-1CB595389DE3}.Release|Any CPU.Build.0 = Release|Any CPU
		{CB58BDC5-B3A9-F9C7-AED2-BCA364509A83}.Debug|Any CPU.ActiveCfg = Debug|Any CPU
		{CB58BDC5-B3A9-F9C7-AED2-BCA364509A83}.Debug|Any CPU.Build.0 = Debug|Any CPU
		{CB58BDC5-B3A9-F9C7-AED2-BCA364509A83}.Release|Any CPU.ActiveCfg = Release|Any CPU
		{CB58BDC5-B3A9-F9C7-AED2-BCA364509A83}.Release|Any CPU.Build.0 = Release|Any CPU
		{6558D2C7-3F99-B312-C840-90FAA8284962}.Debug|Any CPU.ActiveCfg = Debug|Any CPU
		{6558D2C7-3F99-B312-C840-90FAA8284962}.Debug|Any CPU.Build.0 = Debug|Any CPU
		{6558D2C7-3F99-B312-C840-90FAA8284962}.Release|Any CPU.ActiveCfg = Release|Any CPU
		{6558D2C7-3F99-B312-C840-90FAA8284962}.Release|Any CPU.Build.0 = Release|Any CPU
		{51509177-0DC8-2939-3102-D2D42E1F0726}.Debug|Any CPU.ActiveCfg = Debug|Any CPU
		{51509177-0DC8-2939-3102-D2D42E1F0726}.Debug|Any CPU.Build.0 = Debug|Any CPU
		{51509177-0DC8-2939-3102-D2D42E1F0726}.Release|Any CPU.ActiveCfg = Release|Any CPU
		{51509177-0DC8-2939-3102-D2D42E1F0726}.Release|Any CPU.Build.0 = Release|Any CPU
		{46060323-310D-43CC-255F-B48CB8977973}.Debug|Any CPU.ActiveCfg = Debug|Any CPU
		{46060323-310D-43CC-255F-B48CB8977973}.Debug|Any CPU.Build.0 = Debug|Any CPU
		{46060323-310D-43CC-255F-B48CB8977973}.Release|Any CPU.ActiveCfg = Release|Any CPU
		{46060323-310D-43CC-255F-B48CB8977973}.Release|Any CPU.Build.0 = Release|Any CPU
		{1A6E0E5C-F36F-7F11-C447-384018C438B9}.Debug|Any CPU.ActiveCfg = Debug|Any CPU
		{1A6E0E5C-F36F-7F11-C447-384018C438B9}.Debug|Any CPU.Build.0 = Debug|Any CPU
		{1A6E0E5C-F36F-7F11-C447-384018C438B9}.Release|Any CPU.ActiveCfg = Release|Any CPU
		{1A6E0E5C-F36F-7F11-C447-384018C438B9}.Release|Any CPU.Build.0 = Release|Any CPU
	EndGlobalSection
	GlobalSection(SolutionProperties) = preSolution
		HideSolutionNode = FALSE
	EndGlobalSection
EndGlobal
